
Microsoft Visual Studio Solution File, Format Version 12.00
# Visual Studio Version 16
VisualStudioVersion = 16.0.29806.167
MinimumVisualStudioVersion = 10.0.40219.1
Project("{FAE04EC0-301F-11D3-BF4B-00C04F79EFBC}") = "PriceCalculatorGUI", "PriceCalculator\PriceCalculatorGUI.csproj", "{24CD42AF-7660-4FC1-9E73-A7531857F98F}"
EndProject
Project("{FAE04EC0-301F-11D3-BF4B-00C04F79EFBC}") = "WhiteBoards", "WhiteBoards\WhiteBoards.csproj", "{E30E9725-6B32-4B27-9926-23E62C27F962}"
EndProject
Project("{FAE04EC0-301F-11D3-BF4B-00C04F79EFBC}") = "Items", "Items\Items.csproj", "{65FFF146-A3A5-4E7B-A9C4-E0B8E89A028C}"
EndProject
Project("{FAE04EC0-301F-11D3-BF4B-00C04F79EFBC}") = "PriceCalculator Test", "PriceCalculator Test\PriceCalculator Test.csproj", "{CD7B1557-2981-4290-9A74-A49238CB3FED}"
EndProject
Global
	GlobalSection(SolutionConfigurationPlatforms) = preSolution
		Debug|Any CPU = Debug|Any CPU
		Release|Any CPU = Release|Any CPU
	EndGlobalSection
	GlobalSection(ProjectConfigurationPlatforms) = postSolution
		{24CD42AF-7660-4FC1-9E73-A7531857F98F}.Debug|Any CPU.ActiveCfg = Debug|Any CPU
		{24CD42AF-7660-4FC1-9E73-A7531857F98F}.Debug|Any CPU.Build.0 = Debug|Any CPU
		{24CD42AF-7660-4FC1-9E73-A7531857F98F}.Release|Any CPU.ActiveCfg = Release|Any CPU
		{24CD42AF-7660-4FC1-9E73-A7531857F98F}.Release|Any CPU.Build.0 = Release|Any CPU
		{E30E9725-6B32-4B27-9926-23E62C27F962}.Debug|Any CPU.ActiveCfg = Debug|Any CPU
		{E30E9725-6B32-4B27-9926-23E62C27F962}.Debug|Any CPU.Build.0 = Debug|Any CPU
		{E30E9725-6B32-4B27-9926-23E62C27F962}.Release|Any CPU.ActiveCfg = Release|Any CPU
		{E30E9725-6B32-4B27-9926-23E62C27F962}.Release|Any CPU.Build.0 = Release|Any CPU
		{65FFF146-A3A5-4E7B-A9C4-E0B8E89A028C}.Debug|Any CPU.ActiveCfg = Debug|Any CPU
		{65FFF146-A3A5-4E7B-A9C4-E0B8E89A028C}.Debug|Any CPU.Build.0 = Debug|Any CPU
		{65FFF146-A3A5-4E7B-A9C4-E0B8E89A028C}.Release|Any CPU.ActiveCfg = Release|Any CPU
		{65FFF146-A3A5-4E7B-A9C4-E0B8E89A028C}.Release|Any CPU.Build.0 = Release|Any CPU
		{CD7B1557-2981-4290-9A74-A49238CB3FED}.Debug|Any CPU.ActiveCfg = Debug|Any CPU
		{CD7B1557-2981-4290-9A74-A49238CB3FED}.Debug|Any CPU.Build.0 = Debug|Any CPU
		{CD7B1557-2981-4290-9A74-A49238CB3FED}.Release|Any CPU.ActiveCfg = Release|Any CPU
		{CD7B1557-2981-4290-9A74-A49238CB3FED}.Release|Any CPU.Build.0 = Release|Any CPU
	EndGlobalSection
	GlobalSection(SolutionProperties) = preSolution
		HideSolutionNode = FALSE
	EndGlobalSection
	GlobalSection(ExtensibilityGlobals) = postSolution
		SolutionGuid = {F56662E5-908C-43CC-B4DE-D2B328FD4D2F}
	EndGlobalSection
EndGlobal
